
Microsoft Visual Studio Solution File, Format Version 12.00
# Visual Studio Version 16
VisualStudioVersion = 16.0.29926.136
MinimumVisualStudioVersion = 10.0.40219.1
Project("{FAE04EC0-301F-11D3-BF4B-00C04F79EFBC}") = "QuadraticComputation", "QuadraticComputation\QuadraticComputation.csproj", "{C1C854F8-872D-49E8-B7CF-20D5DA49C836}"
EndProject
Global
	GlobalSection(SolutionConfigurationPlatforms) = preSolution
		Debug|Any CPU = Debug|Any CPU
		Release|Any CPU = Release|Any CPU
	EndGlobalSection
	GlobalSection(ProjectConfigurationPlatforms) = postSolution
		{C1C854F8-872D-49E8-B7CF-20D5DA49C836}.Debug|Any CPU.ActiveCfg = Debug|Any CPU
		{C1C854F8-872D-49E8-B7CF-20D5DA49C836}.Debug|Any CPU.Build.0 = Debug|Any CPU
		{C1C854F8-872D-49E8-B7CF-20D5DA49C836}.Release|Any CPU.ActiveCfg = Release|Any CPU
		{C1C854F8-872D-49E8-B7CF-20D5DA49C836}.Release|Any CPU.Build.0 = Release|Any CPU
	EndGlobalSection
	GlobalSection(SolutionProperties) = preSolution
		HideSolutionNode = FALSE
	EndGlobalSection
	GlobalSection(ExtensibilityGlobals) = postSolution
		SolutionGuid = {E59C467C-4CC6-4CFF-88FC-4B2D912D2E75}
	EndGlobalSection
EndGlobal
